
Microsoft Visual Studio Solution File, Format Version 12.00
# Visual Studio Version 17
VisualStudioVersion = 17.11.35312.102
MinimumVisualStudioVersion = 10.0.40219.1
Project("{FAE04EC0-301F-11D3-BF4B-00C04F79EFBC}") = "Travel_agency.PL", "Travel_agency.UI\Travel_agency.PL.csproj", "{568B573A-B269-4639-94DF-8088A1586924}"
EndProject
Project("{FAE04EC0-301F-11D3-BF4B-00C04F79EFBC}") = "Travel_agency.BLL", "Travel_agency.BLL\Travel_agency.BLL.csproj", "{753BC309-218D-4628-8194-D78E6ED411AF}"
EndProject
Project("{FAE04EC0-301F-11D3-BF4B-00C04F79EFBC}") = "Travel_agency.DataAccess", "Travel_agency.DataAccess\Travel_agency.DataAccess.csproj", "{893AAB41-9989-42CD-A672-A0A6F04F7883}"
EndProject
Project("{FAE04EC0-301F-11D3-BF4B-00C04F79EFBC}") = "Travel_agency.Core", "Travel_agency.Core\Travel_agency.Core.csproj", "{D9D8BD53-1876-4D6B-A8F1-F5153CD4ECCE}"
EndProject
Project("{FAE04EC0-301F-11D3-BF4B-00C04F79EFBC}") = "Travel_agency.Tests", "Travel_agency.Tests\Travel_agency.Tests.csproj", "{FC38D0E9-160C-484B-B1D7-7AA5AD8A7ADB}"
EndProject
Global
	GlobalSection(SolutionConfigurationPlatforms) = preSolution
		Debug|Any CPU = Debug|Any CPU
		Release|Any CPU = Release|Any CPU
	EndGlobalSection
	GlobalSection(ProjectConfigurationPlatforms) = postSolution
		{568B573A-B269-4639-94DF-8088A1586924}.Debug|Any CPU.ActiveCfg = Debug|Any CPU
		{568B573A-B269-4639-94DF-8088A1586924}.Debug|Any CPU.Build.0 = Debug|Any CPU
		{568B573A-B269-4639-94DF-8088A1586924}.Release|Any CPU.ActiveCfg = Release|Any CPU
		{568B573A-B269-4639-94DF-8088A1586924}.Release|Any CPU.Build.0 = Release|Any CPU
		{753BC309-218D-4628-8194-D78E6ED411AF}.Debug|Any CPU.ActiveCfg = Debug|Any CPU
		{753BC309-218D-4628-8194-D78E6ED411AF}.Debug|Any CPU.Build.0 = Debug|Any CPU
		{753BC309-218D-4628-8194-D78E6ED411AF}.Release|Any CPU.ActiveCfg = Release|Any CPU
		{753BC309-218D-4628-8194-D78E6ED411AF}.Release|Any CPU.Build.0 = Release|Any CPU
		{893AAB41-9989-42CD-A672-A0A6F04F7883}.Debug|Any CPU.ActiveCfg = Debug|Any CPU
		{893AAB41-9989-42CD-A672-A0A6F04F7883}.Debug|Any CPU.Build.0 = Debug|Any CPU
		{893AAB41-9989-42CD-A672-A0A6F04F7883}.Release|Any CPU.ActiveCfg = Release|Any CPU
		{893AAB41-9989-42CD-A672-A0A6F04F7883}.Release|Any CPU.Build.0 = Release|Any CPU
		{D9D8BD53-1876-4D6B-A8F1-F5153CD4ECCE}.Debug|Any CPU.ActiveCfg = Debug|Any CPU
		{D9D8BD53-1876-4D6B-A8F1-F5153CD4ECCE}.Debug|Any CPU.Build.0 = Debug|Any CPU
		{D9D8BD53-1876-4D6B-A8F1-F5153CD4ECCE}.Release|Any CPU.ActiveCfg = Release|Any CPU
		{D9D8BD53-1876-4D6B-A8F1-F5153CD4ECCE}.Release|Any CPU.Build.0 = Release|Any CPU
		{FC38D0E9-160C-484B-B1D7-7AA5AD8A7ADB}.Debug|Any CPU.ActiveCfg = Debug|Any CPU
		{FC38D0E9-160C-484B-B1D7-7AA5AD8A7ADB}.Debug|Any CPU.Build.0 = Debug|Any CPU
		{FC38D0E9-160C-484B-B1D7-7AA5AD8A7ADB}.Release|Any CPU.ActiveCfg = Release|Any CPU
		{FC38D0E9-160C-484B-B1D7-7AA5AD8A7ADB}.Release|Any CPU.Build.0 = Release|Any CPU
	EndGlobalSection
	GlobalSection(SolutionProperties) = preSolution
		HideSolutionNode = FALSE
	EndGlobalSection
	GlobalSection(ExtensibilityGlobals) = postSolution
		SolutionGuid = {4FDCC819-E90B-4B0D-AFBF-373CED378A2E}
	EndGlobalSection
EndGlobal
